
Microsoft Visual Studio Solution File, Format Version 12.00
# Visual Studio Version 16
VisualStudioVersion = 16.0.31515.178
MinimumVisualStudioVersion = 10.0.40219.1
Project("{FAE04EC0-301F-11D3-BF4B-00C04F79EFBC}") = "ModernUISample01", "ModernUISample01\ModernUISample01.csproj", "{9EEF8E79-6214-42CD-9F6E-C6F0D48BB178}"
EndProject
Global
	GlobalSection(SolutionConfigurationPlatforms) = preSolution
		Debug|Any CPU = Debug|Any CPU
		Release|Any CPU = Release|Any CPU
	EndGlobalSection
	GlobalSection(ProjectConfigurationPlatforms) = postSolution
		{9EEF8E79-6214-42CD-9F6E-C6F0D48BB178}.Debug|Any CPU.ActiveCfg = Debug|Any CPU
		{9EEF8E79-6214-42CD-9F6E-C6F0D48BB178}.Debug|Any CPU.Build.0 = Debug|Any CPU
		{9EEF8E79-6214-42CD-9F6E-C6F0D48BB178}.Release|Any CPU.ActiveCfg = Release|Any CPU
		{9EEF8E79-6214-42CD-9F6E-C6F0D48BB178}.Release|Any CPU.Build.0 = Release|Any CPU
	EndGlobalSection
	GlobalSection(SolutionProperties) = preSolution
		HideSolutionNode = FALSE
	EndGlobalSection
	GlobalSection(ExtensibilityGlobals) = postSolution
		SolutionGuid = {7B345BFF-6D3C-4AF2-A109-B4B9506B0AFF}
	EndGlobalSection
EndGlobal
